// !$*UTF8*$!
{
	archiveVersion = 1;
	classes = {
	};
	objectVersion = 55;
	objects = {

/* Begin PBXBuildFile section */
		0F866A0419DA5E40B94940F9 /* Pods_ExTap.framework in Frameworks */ = {isa = PBXBuildFile; fileRef = A5430E7B17143B86FB5FC257 /* Pods_ExTap.framework */; };
		C6337FBC27F1A0CB0057521C /* AppDelegate.swift in Sources */ = {isa = PBXBuildFile; fileRef = C6337FBB27F1A0CB0057521C /* AppDelegate.swift */; };
		C6337FBE27F1A0CB0057521C /* SceneDelegate.swift in Sources */ = {isa = PBXBuildFile; fileRef = C6337FBD27F1A0CB0057521C /* SceneDelegate.swift */; };
		C6337FC027F1A0CB0057521C /* ViewController.swift in Sources */ = {isa = PBXBuildFile; fileRef = C6337FBF27F1A0CB0057521C /* ViewController.swift */; };
		C6337FC327F1A0CB0057521C /* Main.storyboard in Resources */ = {isa = PBXBuildFile; fileRef = C6337FC127F1A0CB0057521C /* Main.storyboard */; };
		C6337FC527F1A0CD0057521C /* Assets.xcassets in Resources */ = {isa = PBXBuildFile; fileRef = C6337FC427F1A0CD0057521C /* Assets.xcassets */; };
		C6337FC827F1A0CD0057521C /* LaunchScreen.storyboard in Resources */ = {isa = PBXBuildFile; fileRef = C6337FC627F1A0CD0057521C /* LaunchScreen.storyboard */; };
/* End PBXBuildFile section */

/* Begin PBXFileReference section */
		2CC63BAEB9B393592462DCB9 /* Pods-ExTap.release.xcconfig */ = {isa = PBXFileReference; includeInIndex = 1; lastKnownFileType = text.xcconfig; name = "Pods-ExTap.release.xcconfig"; path = "Target Support Files/Pods-ExTap/Pods-ExTap.release.xcconfig"; sourceTree = "<group>"; };
		A5430E7B17143B86FB5FC257 /* Pods_ExTap.framework */ = {isa = PBXFileReference; explicitFileType = wrapper.framework; includeInIndex = 0; path = Pods_ExTap.framework; sourceTree = BUILT_PRODUCTS_DIR; };
		C6337FB827F1A0CB0057521C /* ExTap.app */ = {isa = PBXFileReference; explicitFileType = wrapper.application; includeInIndex = 0; path = ExTap.app; sourceTree = BUILT_PRODUCTS_DIR; };
		C6337FBB27F1A0CB0057521C /* AppDelegate.swift */ = {isa = PBXFileReference; lastKnownFileType = sourcecode.swift; path = AppDelegate.swift; sourceTree = "<group>"; };
		C6337FBD27F1A0CB0057521C /* SceneDelegate.swift */ = {isa = PBXFileReference; lastKnownFileType = sourcecode.swift; path = SceneDelegate.swift; sourceTree = "<group>"; };
		C6337FBF27F1A0CB0057521C /* ViewController.swift */ = {isa = PBXFileReference; lastKnownFileType = sourcecode.swift; path = ViewController.swift; sourceTree = "<group>"; };
		C6337FC227F1A0CB0057521C /* Base */ = {isa = PBXFileReference; lastKnownFileType = file.storyboard; name = Base; path = Base.lproj/Main.storyboard; sourceTree = "<group>"; };
		C6337FC427F1A0CD0057521C /* Assets.xcassets */ = {isa = PBXFileReference; lastKnownFileType = folder.assetcatalog; path = Assets.xcassets; sourceTree = "<group>"; };
		C6337FC727F1A0CD0057521C /* Base */ = {isa = PBXFileReference; lastKnownFileType = file.storyboard; name = Base; path = Base.lproj/LaunchScreen.storyboard; sourceTree = "<group>"; };
		C6337FC927F1A0CD0057521C /* Info.plist */ = {isa = PBXFileReference; lastKnownFileType = text.plist.xml; path = Info.plist; sourceTree = "<group>"; };
		F40487863B0A015F61E31986 /* Pods-ExTap.debug.xcconfig */ = {isa = PBXFileReference; includeInIndex = 1; lastKnownFileType = text.xcconfig; name = "Pods-ExTap.debug.xcconfig"; path = "Target Support Files/Pods-ExTap/Pods-ExTap.debug.xcconfig"; sourceTree = "<group>"; };
/* End PBXFileReference section */

/* Begin PBXFrameworksBuildPhase section */
		C6337FB527F1A0CB0057521C /* Frameworks */ = {
			isa = PBXFrameworksBuildPhase;
			buildActionMask = 2147483647;
			files = (
				0F866A0419DA5E40B94940F9 /* Pods_ExTap.framework in Frameworks */,
			);
			runOnlyForDeploymentPostprocessing = 0;
		};
/* End PBXFrameworksBuildPhase section */

/* Begin PBXGroup section */
		3E7B2BACD3F67899086660CD /* Pods */ = {
			isa = PBXGroup;
			children = (
				F40487863B0A015F61E31986 /* Pods-ExTap.debug.xcconfig */,
				2CC63BAEB9B393592462DCB9 /* Pods-ExTap.release.xcconfig */,
			);
			name = Pods;
			path = Pods;
			sourceTree = "<group>";
		};
		767F8460989EF85BB675A9A9 /* Frameworks */ = {
			isa = PBXGroup;
			children = (
				A5430E7B17143B86FB5FC257 /* Pods_ExTap.framework */,
			);
			name = Frameworks;
			sourceTree = "<group>";
		};
		C6337FAF27F1A0CA0057521C = {
			isa = PBXGroup;
			children = (
				C6337FBA27F1A0CB0057521C /* ExTap */,
				C6337FB927F1A0CB0057521C /* Products */,
				3E7B2BACD3F67899086660CD /* Pods */,
				767F8460989EF85BB675A9A9 /* Frameworks */,
			);
			sourceTree = "<group>";
		};
		C6337FB927F1A0CB0057521C /* Products */ = {
			isa = PBXGroup;
			children = (
				C6337FB827F1A0CB0057521C /* ExTap.app */,
			);
			name = Products;
			sourceTree = "<group>";
		};
		C6337FBA27F1A0CB0057521C /* ExTap */ = {
			isa = PBXGroup;
			children = (
				C6337FBB27F1A0CB0057521C /* AppDelegate.swift */,
				C6337FBD27F1A0CB0057521C /* SceneDelegate.swift */,
				C6337FBF27F1A0CB0057521C /* ViewController.swift */,
				C6337FC127F1A0CB0057521C /* Main.storyboard */,
				C6337FC427F1A0CD0057521C /* Assets.xcassets */,
				C6337FC627F1A0CD0057521C /* LaunchScreen.storyboard */,
				C6337FC927F1A0CD0057521C /* Info.plist */,
			);
			path = ExTap;
			sourceTree = "<group>";
		};
/* End PBXGroup section */

/* Begin PBXNativeTarget section */
		C6337FB727F1A0CB0057521C /* ExTap */ = {
			isa = PBXNativeTarget;
			buildConfigurationList = C6337FCC27F1A0CD0057521C /* Build configuration list for PBXNativeTarget "ExTap" */;
			buildPhases = (
				376F501891B720D29ACB602B /* [CP] Check Pods Manifest.lock */,
				C6337FB427F1A0CB0057521C /* Sources */,
				C6337FB527F1A0CB0057521C /* Frameworks */,
				C6337FB627F1A0CB0057521C /* Resources */,
				D780177CB86B8DBEA4E81F3C /* [CP] Embed Pods Frameworks */,
			);
			buildRules = (
			);
			dependencies = (
			);
			name = ExTap;
			productName = ExTap;
			productReference = C6337FB827F1A0CB0057521C /* ExTap.app */;
			productType = "com.apple.product-type.application";
		};
/* End PBXNativeTarget section */

/* Begin PBXProject section */
		C6337FB027F1A0CA0057521C /* Project object */ = {
			isa = PBXProject;
			attributes = {
				BuildIndependentTargetsInParallel = 1;
				LastSwiftUpdateCheck = 1330;
				LastUpgradeCheck = 1330;
				TargetAttributes = {
					C6337FB727F1A0CB0057521C = {
						CreatedOnToolsVersion = 13.3;
					};
				};
			};
			buildConfigurationList = C6337FB327F1A0CA0057521C /* Build configuration list for PBXProject "ExTap" */;
			compatibilityVersion = "Xcode 13.0";
			developmentRegion = en;
			hasScannedForEncodings = 0;
			knownRegions = (
				en,
				Base,
			);
			mainGroup = C6337FAF27F1A0CA0057521C;
			productRefGroup = C6337FB927F1A0CB0057521C /* Products */;
			projectDirPath = "";
			projectRoot = "";
			targets = (
				C6337FB727F1A0CB0057521C /* ExTap */,
			);
		};
/* End PBXProject section */

/* Begin PBXResourcesBuildPhase section */
		C6337FB627F1A0CB0057521C /* Resources */ = {
			isa = PBXResourcesBuildPhase;
			buildActionMask = 2147483647;
			files = (
				C6337FC827F1A0CD0057521C /* LaunchScreen.storyboard in Resources */,
				C6337FC527F1A0CD0057521C /* Assets.xcassets in Resources */,
				C6337FC327F1A0CB0057521C /* Main.storyboard in Resources */,
			);
			runOnlyForDeploymentPostprocessing = 0;
		};
/* End PBXResourcesBuildPhase section */

/* Begin PBXShellScriptBuildPhase section */
		376F501891B720D29ACB602B /* [CP] Check Pods Manifest.lock */ = {
			isa = PBXShellScriptBuildPhase;
			buildActionMask = 2147483647;
			files = (
			);
			inputFileListPaths = (
			);
			inputPaths = (
				"${PODS_PODFILE_DIR_PATH}/Podfile.lock",
				"${PODS_ROOT}/Manifest.lock",
			);
			name = "[CP] Check Pods Manifest.lock";
			outputFileListPaths = (
			);
			outputPaths = (
				"$(DERIVED_FILE_DIR)/Pods-ExTap-checkManifestLockResult.txt",
			);
			runOnlyForDeploymentPostprocessing = 0;
			shellPath = /bin/sh;
			shellScript = "diff \"${PODS_PODFILE_DIR_PATH}/Podfile.lock\" \"${PODS_ROOT}/Manifest.lock\" > /dev/null\nif [ $? != 0 ] ; then\n    # print error to STDERR\n    echo \"error: The sandbox is not in sync with the Podfile.lock. Run 'pod install' or update your CocoaPods installation.\" >&2\n    exit 1\nfi\n# This output is used by Xcode 'outputs' to avoid re-running this script phase.\necho \"SUCCESS\" > \"${SCRIPT_OUTPUT_FILE_0}\"\n";
			showEnvVarsInLog = 0;
		};
		D780177CB86B8DBEA4E81F3C /* [CP] Embed Pods Frameworks */ = {
			isa = PBXShellScriptBuildPhase;
			buildActionMask = 2147483647;
			files = (
			);
			inputFileListPaths = (
				"${PODS_ROOT}/Target Support Files/Pods-ExTap/Pods-ExTap-frameworks-${CONFIGURATION}-input-files.xcfilelist",
			);
			name = "[CP] Embed Pods Frameworks";
			outputFileListPaths = (
				"${PODS_ROOT}/Target Support Files/Pods-ExTap/Pods-ExTap-frameworks-${CONFIGURATION}-output-files.xcfilelist",
			);
			runOnlyForDeploymentPostprocessing = 0;
			shellPath = /bin/sh;
			shellScript = "\"${PODS_ROOT}/Target Support Files/Pods-ExTap/Pods-ExTap-frameworks.sh\"\n";
			showEnvVarsInLog = 0;
		};
/* End PBXShellScriptBuildPhase section */

/* Begin PBXSourcesBuildPhase section */
		C6337FB427F1A0CB0057521C /* Sources */ = {
			isa = PBXSourcesBuildPhase;
			buildActionMask = 2147483647;
			files = (
				C6337FC027F1A0CB0057521C /* ViewController.swift in Sources */,
				C6337FBC27F1A0CB0057521C /* AppDelegate.swift in Sources */,
				C6337FBE27F1A0CB0057521C /* SceneDelegate.swift in Sources */,
			);
			runOnlyForDeploymentPostprocessing = 0;
		};
/* End PBXSourcesBuildPhase section */

/* Begin PBXVariantGroup section */
		C6337FC127F1A0CB0057521C /* Main.storyboard */ = {
			isa = PBXVariantGroup;
			children = (
				C6337FC227F1A0CB0057521C /* Base */,
			);
			name = Main.storyboard;
			sourceTree = "<group>";
		};
		C6337FC627F1A0CD0057521C /* LaunchScreen.storyboard */ = {
			isa = PBXVariantGroup;
			children = (
				C6337FC727F1A0CD0057521C /* Base */,
			);
			name = LaunchScreen.storyboard;
			sourceTree = "<group>";
		};
/* End PBXVariantGroup section */

/* Begin XCBuildConfiguration section */
		C6337FCA27F1A0CD0057521C /* Debug */ = {
			isa = XCBuildConfiguration;
			buildSettings = {
				ALWAYS_SEARCH_USER_PATHS = NO;
				CLANG_ANALYZER_NONNULL = YES;
				CLANG_ANALYZER_NUMBER_OBJECT_CONVERSION = YES_AGGRESSIVE;
				CLANG_CXX_LANGUAGE_STANDARD = "gnu++17";
				CLANG_ENABLE_MODULES = YES;
				CLANG_ENABLE_OBJC_ARC = YES;
				CLANG_ENABLE_OBJC_WEAK = YES;
				CLANG_WARN_BLOCK_CAPTURE_AUTORELEASING = YES;
				CLANG_WARN_BOOL_CONVERSION = YES;
				CLANG_WARN_COMMA = YES;
				CLANG_WARN_CONSTANT_CONVERSION = YES;
				CLANG_WARN_DEPRECATED_OBJC_IMPLEMENTATIONS = YES;
				CLANG_WARN_DIRECT_OBJC_ISA_USAGE = YES_ERROR;
				CLANG_WARN_DOCUMENTATION_COMMENTS = YES;
				CLANG_WARN_EMPTY_BODY = YES;
				CLANG_WARN_ENUM_CONVERSION = YES;
				CLANG_WARN_INFINITE_RECURSION = YES;
				CLANG_WARN_INT_CONVERSION = YES;
				CLANG_WARN_NON_LITERAL_NULL_CONVERSION = YES;
				CLANG_WARN_OBJC_IMPLICIT_RETAIN_SELF = YES;
				CLANG_WARN_OBJC_LITERAL_CONVERSION = YES;
				CLANG_WARN_OBJC_ROOT_CLASS = YES_ERROR;
				CLANG_WARN_QUOTED_INCLUDE_IN_FRAMEWORK_HEADER = YES;
				CLANG_WARN_RANGE_LOOP_ANALYSIS = YES;
				CLANG_WARN_STRICT_PROTOTYPES = YES;
				CLANG_WARN_SUSPICIOUS_MOVE = YES;
				CLANG_WARN_UNGUARDED_AVAILABILITY = YES_AGGRESSIVE;
				CLANG_WARN_UNREACHABLE_CODE = YES;
				CLANG_WARN__DUPLICATE_METHOD_MATCH = YES;
				COPY_PHASE_STRIP = NO;
				DEBUG_INFORMATION_FORMAT = dwarf;
				ENABLE_STRICT_OBJC_MSGSEND = YES;
				ENABLE_TESTABILITY = YES;
				GCC_C_LANGUAGE_STANDARD = gnu11;
				GCC_DYNAMIC_NO_PIC = NO;
				GCC_NO_COMMON_BLOCKS = YES;
				GCC_OPTIMIZATION_LEVEL = 0;
				GCC_PREPROCESSOR_DEFINITIONS = (
					"DEBUG=1",
					"$(inherited)",
				);
				GCC_WARN_64_TO_32_BIT_CONVERSION = YES;
				GCC_WARN_ABOUT_RETURN_TYPE = YES_ERROR;
				GCC_WARN_UNDECLARED_SELECTOR = YES;
				GCC_WARN_UNINITIALIZED_AUTOS = YES_AGGRESSIVE;
				GCC_WARN_UNUSED_FUNCTION = YES;
				GCC_WARN_UNUSED_VARIABLE = YES;
				IPHONEOS_DEPLOYMENT_TARGET = 15.4;
				MTL_ENABLE_DEBUG_INFO = INCLUDE_SOURCE;
				MTL_FAST_MATH = YES;
				ONLY_ACTIVE_ARCH = YES;
				SDKROOT = iphoneos;
				SWIFT_ACTIVE_COMPILATION_CONDITIONS = DEBUG;
				SWIFT_OPTIMIZATION_LEVEL = "-Onone";
			};
			name = Debug;
		};
		C6337FCB27F1A0CD0057521C /* Release */ = {
			isa = XCBuildConfiguration;
			buildSettings = {
				ALWAYS_SEARCH_USER_PATHS = NO;
				CLANG_ANALYZER_NONNULL = YES;
				CLANG_ANALYZER_NUMBER_OBJECT_CONVERSION = YES_AGGRESSIVE;
				CLANG_CXX_LANGUAGE_STANDARD = "gnu++17";
				CLANG_ENABLE_MODULES = YES;
				CLANG_ENABLE_OBJC_ARC = YES;
				CLANG_ENABLE_OBJC_WEAK = YES;
				CLANG_WARN_BLOCK_CAPTURE_AUTORELEASING = YES;
				CLANG_WARN_BOOL_CONVERSION = YES;
				CLANG_WARN_COMMA = YES;
				CLANG_WARN_CONSTANT_CONVERSION = YES;
				CLANG_WARN_DEPRECATED_OBJC_IMPLEMENTATIONS = YES;
				CLANG_WARN_DIRECT_OBJC_ISA_USAGE = YES_ERROR;
				CLANG_WARN_DOCUMENTATION_COMMENTS = YES;
				CLANG_WARN_EMPTY_BODY = YES;
				CLANG_WARN_ENUM_CONVERSION = YES;
				CLANG_WARN_INFINITE_RECURSION = YES;
				CLANG_WARN_INT_CONVERSION = YES;
				CLANG_WARN_NON_LITERAL_NULL_CONVERSION = YES;
				CLANG_WARN_OBJC_IMPLICIT_RETAIN_SELF = YES;
				CLANG_WARN_OBJC_LITERAL_CONVERSION = YES;
				CLANG_WARN_OBJC_ROOT_CLASS = YES_ERROR;
				CLANG_WARN_QUOTED_INCLUDE_IN_FRAMEWORK_HEADER = YES;
				CLANG_WARN_RANGE_LOOP_ANALYSIS = YES;
				CLANG_WARN_STRICT_PROTOTYPES = YES;
				CLANG_WARN_SUSPICIOUS_MOVE = YES;
				CLANG_WARN_UNGUARDED_AVAILABILITY = YES_AGGRESSIVE;
				CLANG_WARN_UNREACHABLE_CODE = YES;
				CLANG_WARN__DUPLICATE_METHOD_MATCH = YES;
				COPY_PHASE_STRIP = NO;
				DEBUG_INFORMATION_FORMAT = "dwarf-with-dsym";
				ENABLE_NS_ASSERTIONS = NO;
				ENABLE_STRICT_OBJC_MSGSEND = YES;
				GCC_C_LANGUAGE_STANDARD = gnu11;
				GCC_NO_COMMON_BLOCKS = YES;
				GCC_WARN_64_TO_32_BIT_CONVERSION = YES;
				GCC_WARN_ABOUT_RETURN_TYPE = YES_ERROR;
				GCC_WARN_UNDECLARED_SELECTOR = YES;
				GCC_WARN_UNINITIALIZED_AUTOS = YES_AGGRESSIVE;
				GCC_WARN_UNUSED_FUNCTION = YES;
				GCC_WARN_UNUSED_VARIABLE = YES;
				IPHONEOS_DEPLOYMENT_TARGET = 15.4;
				MTL_ENABLE_DEBUG_INFO = NO;
				MTL_FAST_MATH = YES;
				SDKROOT = iphoneos;
				SWIFT_COMPILATION_MODE = wholemodule;
				SWIFT_OPTIMIZATION_LEVEL = "-O";
				VALIDATE_PRODUCT = YES;
			};
			name = Release;
		};
		C6337FCD27F1A0CD0057521C /* Debug */ = {
			isa = XCBuildConfiguration;
			baseConfigurationReference = F40487863B0A015F61E31986 /* Pods-ExTap.debug.xcconfig */;
			buildSettings = {
				ASSETCATALOG_COMPILER_APPICON_NAME = AppIcon;
				ASSETCATALOG_COMPILER_GLOBAL_ACCENT_COLOR_NAME = AccentColor;
				CODE_SIGN_STYLE = Automatic;
				CURRENT_PROJECT_VERSION = 1;
				DEVELOPMENT_TEAM = V99UMBT63A;
				GENERATE_INFOPLIST_FILE = YES;
				INFOPLIST_FILE = ExTap/Info.plist;
				INFOPLIST_KEY_UIApplicationSupportsIndirectInputEvents = YES;
				INFOPLIST_KEY_UILaunchStoryboardName = LaunchScreen;
				INFOPLIST_KEY_UIMainStoryboardFile = Main;
				INFOPLIST_KEY_UISupportedInterfaceOrientations_iPad = "UIInterfaceOrientationPortrait UIInterfaceOrientationPortraitUpsideDown UIInterfaceOrientationLandscapeLeft UIInterfaceOrientationLandscapeRight";
				INFOPLIST_KEY_UISupportedInterfaceOrientations_iPhone = "UIInterfaceOrientationPortrait UIInterfaceOrientationLandscapeLeft UIInterfaceOrientationLandscapeRight";
				LD_RUNPATH_SEARCH_PATHS = (
					"$(inherited)",
					"@executable_path/Frameworks",
				);
				MARKETING_VERSION = 1.0;
				PRODUCT_BUNDLE_IDENTIFIER = com.ExTap;
				PRODUCT_NAME = "$(TARGET_NAME)";
				SWIFT_EMIT_LOC_STRINGS = YES;
				SWIFT_VERSION = 5.0;
				TARGETED_DEVICE_FAMILY = "1,2";
			};
			name = Debug;
		};
		C6337FCE27F1A0CD0057521C /* Release */ = {
			isa = XCBuildConfiguration;
			baseConfigurationReference = 2CC63BAEB9B393592462DCB9 /* Pods-ExTap.release.xcconfig */;
			buildSettings = {
				ASSETCATALOG_COMPILER_APPICON_NAME = AppIcon;
				ASSETCATALOG_COMPILER_GLOBAL_ACCENT_COLOR_NAME = AccentColor;
				CODE_SIGN_STYLE = Automatic;
				CURRENT_PROJECT_VERSION = 1;
				DEVELOPMENT_TEAM = V99UMBT63A;
				GENERATE_INFOPLIST_FILE = YES;
				INFOPLIST_FILE = ExTap/Info.plist;
				INFOPLIST_KEY_UIApplicationSupportsIndirectInputEvents = YES;
				INFOPLIST_KEY_UILaunchStoryboardName = LaunchScreen;
				INFOPLIST_KEY_UIMainStoryboardFile = Main;
				INFOPLIST_KEY_UISupportedInterfaceOrientations_iPad = "UIInterfaceOrientationPortrait UIInterfaceOrientationPortraitUpsideDown UIInterfaceOrientationLandscapeLeft UIInterfaceOrientationLandscapeRight";
				INFOPLIST_KEY_UISupportedInterfaceOrientations_iPhone = "UIInterfaceOrientationPortrait UIInterfaceOrientationLandscapeLeft UIInterfaceOrientationLandscapeRight";
				LD_RUNPATH_SEARCH_PATHS = (
					"$(inherited)",
					"@executable_path/Frameworks",
				);
				MARKETING_VERSION = 1.0;
				PRODUCT_BUNDLE_IDENTIFIER = com.ExTap;
				PRODUCT_NAME = "$(TARGET_NAME)";
				SWIFT_EMIT_LOC_STRINGS = YES;
				SWIFT_VERSION = 5.0;
				TARGETED_DEVICE_FAMILY = "1,2";
			};
			name = Release;
		};
/* End XCBuildConfiguration section */

/* Begin XCConfigurationList section */
		C6337FB327F1A0CA0057521C /* Build configuration list for PBXProject "ExTap" */ = {
			isa = XCConfigurationList;
			buildConfigurations = (
				C6337FCA27F1A0CD0057521C /* Debug */,
				C6337FCB27F1A0CD0057521C /* Release */,
			);
			defaultConfigurationIsVisible = 0;
			defaultConfigurationName = Release;
		};
		C6337FCC27F1A0CD0057521C /* Build configuration list for PBXNativeTarget "ExTap" */ = {
			isa = XCConfigurationList;
			buildConfigurations = (
				C6337FCD27F1A0CD0057521C /* Debug */,
				C6337FCE27F1A0CD0057521C /* Release */,
			);
			defaultConfigurationIsVisible = 0;
			defaultConfigurationName = Release;
		};
/* End XCConfigurationList section */
	};
	rootObject = C6337FB027F1A0CA0057521C /* Project object */;
}
